// !$*UTF8*$!
{
	archiveVersion = 1;
	classes = {
	};
	objectVersion = 77;
	objects = {

/* Begin PBXBuildFile section */
		CB6D7B0C2E2C272100AF362E /* liars-dice-app Watch App.app in Embed Watch Content */ = {isa = PBXBuildFile; fileRef = CB6D7B0B2E2C272100AF362E /* liars-dice-app Watch App.app */; settings = {ATTRIBUTES = (RemoveHeadersOnCopy, ); }; };
/* End PBXBuildFile section */

/* Begin PBXContainerItemProxy section */
		CB6D7B0D2E2C272100AF362E /* PBXContainerItemProxy */ = {
			isa = PBXContainerItemProxy;
			containerPortal = CB6D7AFF2E2C272100AF362E /* Project object */;
			proxyType = 1;
			remoteGlobalIDString = CB6D7B0A2E2C272100AF362E;
			remoteInfo = "liars-dice-app Watch App";
		};
		CB6D7B1E2E2C272300AF362E /* PBXContainerItemProxy */ = {
			isa = PBXContainerItemProxy;
			containerPortal = CB6D7AFF2E2C272100AF362E /* Project object */;
			proxyType = 1;
			remoteGlobalIDString = CB6D7B0A2E2C272100AF362E;
			remoteInfo = "liars-dice-app Watch App";
		};
		CB6D7B282E2C272300AF362E /* PBXContainerItemProxy */ = {
			isa = PBXContainerItemProxy;
			containerPortal = CB6D7AFF2E2C272100AF362E /* Project object */;
			proxyType = 1;
			remoteGlobalIDString = CB6D7B0A2E2C272100AF362E;
			remoteInfo = "liars-dice-app Watch App";
		};
/* End PBXContainerItemProxy section */

/* Begin PBXCopyFilesBuildPhase section */
		CB6D7B342E2C272300AF362E /* Embed Watch Content */ = {
			isa = PBXCopyFilesBuildPhase;
			buildActionMask = 2147483647;
			dstPath = "$(CONTENTS_FOLDER_PATH)/Watch";
			dstSubfolderSpec = 16;
			files = (
				CB6D7B0C2E2C272100AF362E /* liars-dice-app Watch App.app in Embed Watch Content */,
			);
			name = "Embed Watch Content";
			runOnlyForDeploymentPostprocessing = 0;
		};
/* End PBXCopyFilesBuildPhase section */

/* Begin PBXFileReference section */
		CB6D7B052E2C272100AF362E /* liars-dice-app.app */ = {isa = PBXFileReference; explicitFileType = wrapper.application; includeInIndex = 0; path = "liars-dice-app.app"; sourceTree = BUILT_PRODUCTS_DIR; };
		CB6D7B0B2E2C272100AF362E /* liars-dice-app Watch App.app */ = {isa = PBXFileReference; explicitFileType = wrapper.application; includeInIndex = 0; path = "liars-dice-app Watch App.app"; sourceTree = BUILT_PRODUCTS_DIR; };
		CB6D7B1D2E2C272300AF362E /* liars-dice-app Watch AppTests.xctest */ = {isa = PBXFileReference; explicitFileType = wrapper.cfbundle; includeInIndex = 0; path = "liars-dice-app Watch AppTests.xctest"; sourceTree = BUILT_PRODUCTS_DIR; };
		CB6D7B272E2C272300AF362E /* liars-dice-app Watch AppUITests.xctest */ = {isa = PBXFileReference; explicitFileType = wrapper.cfbundle; includeInIndex = 0; path = "liars-dice-app Watch AppUITests.xctest"; sourceTree = BUILT_PRODUCTS_DIR; };
/* End PBXFileReference section */

/* Begin PBXFileSystemSynchronizedRootGroup section */
		CB6D7B0F2E2C272100AF362E /* liars-dice-app Watch App */ = {
			isa = PBXFileSystemSynchronizedRootGroup;
			path = "liars-dice-app Watch App";
			sourceTree = "<group>";
		};
		CB6D7B202E2C272300AF362E /* liars-dice-app Watch AppTests */ = {
			isa = PBXFileSystemSynchronizedRootGroup;
			path = "liars-dice-app Watch AppTests";
			sourceTree = "<group>";
		};
		CB6D7B2A2E2C272300AF362E /* liars-dice-app Watch AppUITests */ = {
			isa = PBXFileSystemSynchronizedRootGroup;
			path = "liars-dice-app Watch AppUITests";
			sourceTree = "<group>";
		};
/* End PBXFileSystemSynchronizedRootGroup section */

/* Begin PBXFrameworksBuildPhase section */
		CB6D7B082E2C272100AF362E /* Frameworks */ = {
			isa = PBXFrameworksBuildPhase;
			buildActionMask = 2147483647;
			files = (
			);
			runOnlyForDeploymentPostprocessing = 0;
		};
		CB6D7B1A2E2C272300AF362E /* Frameworks */ = {
			isa = PBXFrameworksBuildPhase;
			buildActionMask = 2147483647;
			files = (
			);
			runOnlyForDeploymentPostprocessing = 0;
		};
		CB6D7B242E2C272300AF362E /* Frameworks */ = {
			isa = PBXFrameworksBuildPhase;
			buildActionMask = 2147483647;
			files = (
			);
			runOnlyForDeploymentPostprocessing = 0;
		};
/* End PBXFrameworksBuildPhase section */

/* Begin PBXGroup section */
		CB6D7AFE2E2C272100AF362E = {
			isa = PBXGroup;
			children = (
				CB6D7B0F2E2C272100AF362E /* liars-dice-app Watch App */,
				CB6D7B202E2C272300AF362E /* liars-dice-app Watch AppTests */,
				CB6D7B2A2E2C272300AF362E /* liars-dice-app Watch AppUITests */,
				CB6D7B062E2C272100AF362E /* Products */,
			);
			sourceTree = "<group>";
		};
		CB6D7B062E2C272100AF362E /* Products */ = {
			isa = PBXGroup;
			children = (
				CB6D7B052E2C272100AF362E /* liars-dice-app.app */,
				CB6D7B0B2E2C272100AF362E /* liars-dice-app Watch App.app */,
				CB6D7B1D2E2C272300AF362E /* liars-dice-app Watch AppTests.xctest */,
				CB6D7B272E2C272300AF362E /* liars-dice-app Watch AppUITests.xctest */,
			);
			name = Products;
			sourceTree = "<group>";
		};
/* End PBXGroup section */

/* Begin PBXNativeTarget section */
		CB6D7B042E2C272100AF362E /* liars-dice-app */ = {
			isa = PBXNativeTarget;
			buildConfigurationList = CB6D7B352E2C272300AF362E /* Build configuration list for PBXNativeTarget "liars-dice-app" */;
			buildPhases = (
				CB6D7B032E2C272100AF362E /* Resources */,
				CB6D7B342E2C272300AF362E /* Embed Watch Content */,
			);
			buildRules = (
			);
			dependencies = (
				CB6D7B0E2E2C272100AF362E /* PBXTargetDependency */,
			);
			name = "liars-dice-app";
			packageProductDependencies = (
			);
			productName = "liars-dice-app";
			productReference = CB6D7B052E2C272100AF362E /* liars-dice-app.app */;
			productType = "com.apple.product-type.application.watchapp2-container";
		};
		CB6D7B0A2E2C272100AF362E /* liars-dice-app Watch App */ = {
			isa = PBXNativeTarget;
			buildConfigurationList = CB6D7B312E2C272300AF362E /* Build configuration list for PBXNativeTarget "liars-dice-app Watch App" */;
			buildPhases = (
				CB6D7B072E2C272100AF362E /* Sources */,
				CB6D7B082E2C272100AF362E /* Frameworks */,
				CB6D7B092E2C272100AF362E /* Resources */,
			);
			buildRules = (
			);
			dependencies = (
			);
			fileSystemSynchronizedGroups = (
				CB6D7B0F2E2C272100AF362E /* liars-dice-app Watch App */,
			);
			name = "liars-dice-app Watch App";
			packageProductDependencies = (
			);
			productName = "liars-dice-app Watch App";
			productReference = CB6D7B0B2E2C272100AF362E /* liars-dice-app Watch App.app */;
			productType = "com.apple.product-type.application";
		};
		CB6D7B1C2E2C272300AF362E /* liars-dice-app Watch AppTests */ = {
			isa = PBXNativeTarget;
			buildConfigurationList = CB6D7B382E2C272300AF362E /* Build configuration list for PBXNativeTarget "liars-dice-app Watch AppTests" */;
			buildPhases = (
				CB6D7B192E2C272300AF362E /* Sources */,
				CB6D7B1A2E2C272300AF362E /* Frameworks */,
				CB6D7B1B2E2C272300AF362E /* Resources */,
			);
			buildRules = (
			);
			dependencies = (
				CB6D7B1F2E2C272300AF362E /* PBXTargetDependency */,
			);
			fileSystemSynchronizedGroups = (
				CB6D7B202E2C272300AF362E /* liars-dice-app Watch AppTests */,
			);
			name = "liars-dice-app Watch AppTests";
			packageProductDependencies = (
			);
			productName = "liars-dice-app Watch AppTests";
			productReference = CB6D7B1D2E2C272300AF362E /* liars-dice-app Watch AppTests.xctest */;
			productType = "com.apple.product-type.bundle.unit-test";
		};
		CB6D7B262E2C272300AF362E /* liars-dice-app Watch AppUITests */ = {
			isa = PBXNativeTarget;
			buildConfigurationList = CB6D7B3B2E2C272300AF362E /* Build configuration list for PBXNativeTarget "liars-dice-app Watch AppUITests" */;
			buildPhases = (
				CB6D7B232E2C272300AF362E /* Sources */,
				CB6D7B242E2C272300AF362E /* Frameworks */,
				CB6D7B252E2C272300AF362E /* Resources */,
			);
			buildRules = (
			);
			dependencies = (
				CB6D7B292E2C272300AF362E /* PBXTargetDependency */,
			);
			fileSystemSynchronizedGroups = (
				CB6D7B2A2E2C272300AF362E /* liars-dice-app Watch AppUITests */,
			);
			name = "liars-dice-app Watch AppUITests";
			packageProductDependencies = (
			);
			productName = "liars-dice-app Watch AppUITests";
			productReference = CB6D7B272E2C272300AF362E /* liars-dice-app Watch AppUITests.xctest */;
			productType = "com.apple.product-type.bundle.ui-testing";
		};
/* End PBXNativeTarget section */

/* Begin PBXProject section */
		CB6D7AFF2E2C272100AF362E /* Project object */ = {
			isa = PBXProject;
			attributes = {
				BuildIndependentTargetsInParallel = 1;
				LastSwiftUpdateCheck = 1610;
				LastUpgradeCheck = 1610;
				TargetAttributes = {
					CB6D7B042E2C272100AF362E = {
						CreatedOnToolsVersion = 16.1;
					};
					CB6D7B0A2E2C272100AF362E = {
						CreatedOnToolsVersion = 16.1;
					};
					CB6D7B1C2E2C272300AF362E = {
						CreatedOnToolsVersion = 16.1;
						TestTargetID = CB6D7B0A2E2C272100AF362E;
					};
					CB6D7B262E2C272300AF362E = {
						CreatedOnToolsVersion = 16.1;
						TestTargetID = CB6D7B0A2E2C272100AF362E;
					};
				};
			};
			buildConfigurationList = CB6D7B022E2C272100AF362E /* Build configuration list for PBXProject "liars-dice-app" */;
			developmentRegion = en;
			hasScannedForEncodings = 0;
			knownRegions = (
				en,
				Base,
			);
			mainGroup = CB6D7AFE2E2C272100AF362E;
			minimizedProjectReferenceProxies = 1;
			preferredProjectObjectVersion = 77;
			productRefGroup = CB6D7B062E2C272100AF362E /* Products */;
			projectDirPath = "";
			projectRoot = "";
			targets = (
				CB6D7B042E2C272100AF362E /* liars-dice-app */,
				CB6D7B0A2E2C272100AF362E /* liars-dice-app Watch App */,
				CB6D7B1C2E2C272300AF362E /* liars-dice-app Watch AppTests */,
				CB6D7B262E2C272300AF362E /* liars-dice-app Watch AppUITests */,
			);
		};
/* End PBXProject section */

/* Begin PBXResourcesBuildPhase section */
		CB6D7B032E2C272100AF362E /* Resources */ = {
			isa = PBXResourcesBuildPhase;
			buildActionMask = 2147483647;
			files = (
			);
			runOnlyForDeploymentPostprocessing = 0;
		};
		CB6D7B092E2C272100AF362E /* Resources */ = {
			isa = PBXResourcesBuildPhase;
			buildActionMask = 2147483647;
			files = (
			);
			runOnlyForDeploymentPostprocessing = 0;
		};
		CB6D7B1B2E2C272300AF362E /* Resources */ = {
			isa = PBXResourcesBuildPhase;
			buildActionMask = 2147483647;
			files = (
			);
			runOnlyForDeploymentPostprocessing = 0;
		};
		CB6D7B252E2C272300AF362E /* Resources */ = {
			isa = PBXResourcesBuildPhase;
			buildActionMask = 2147483647;
			files = (
			);
			runOnlyForDeploymentPostprocessing = 0;
		};
/* End PBXResourcesBuildPhase section */

/* Begin PBXSourcesBuildPhase section */
		CB6D7B072E2C272100AF362E /* Sources */ = {
			isa = PBXSourcesBuildPhase;
			buildActionMask = 2147483647;
			files = (
			);
			runOnlyForDeploymentPostprocessing = 0;
		};
		CB6D7B192E2C272300AF362E /* Sources */ = {
			isa = PBXSourcesBuildPhase;
			buildActionMask = 2147483647;
			files = (
			);
			runOnlyForDeploymentPostprocessing = 0;
		};
		CB6D7B232E2C272300AF362E /* Sources */ = {
			isa = PBXSourcesBuildPhase;
			buildActionMask = 2147483647;
			files = (
			);
			runOnlyForDeploymentPostprocessing = 0;
		};
/* End PBXSourcesBuildPhase section */

/* Begin PBXTargetDependency section */
		CB6D7B0E2E2C272100AF362E /* PBXTargetDependency */ = {
			isa = PBXTargetDependency;
			target = CB6D7B0A2E2C272100AF362E /* liars-dice-app Watch App */;
			targetProxy = CB6D7B0D2E2C272100AF362E /* PBXContainerItemProxy */;
		};
		CB6D7B1F2E2C272300AF362E /* PBXTargetDependency */ = {
			isa = PBXTargetDependency;
			target = CB6D7B0A2E2C272100AF362E /* liars-dice-app Watch App */;
			targetProxy = CB6D7B1E2E2C272300AF362E /* PBXContainerItemProxy */;
		};
		CB6D7B292E2C272300AF362E /* PBXTargetDependency */ = {
			isa = PBXTargetDependency;
			target = CB6D7B0A2E2C272100AF362E /* liars-dice-app Watch App */;
			targetProxy = CB6D7B282E2C272300AF362E /* PBXContainerItemProxy */;
		};
/* End PBXTargetDependency section */

/* Begin XCBuildConfiguration section */
		CB6D7B2F2E2C272300AF362E /* Debug */ = {
			isa = XCBuildConfiguration;
			buildSettings = {
				ALWAYS_SEARCH_USER_PATHS = NO;
				ASSETCATALOG_COMPILER_GENERATE_SWIFT_ASSET_SYMBOL_EXTENSIONS = YES;
				CLANG_ANALYZER_NONNULL = YES;
				CLANG_ANALYZER_NUMBER_OBJECT_CONVERSION = YES_AGGRESSIVE;
				CLANG_CXX_LANGUAGE_STANDARD = "gnu++20";
				CLANG_ENABLE_MODULES = YES;
				CLANG_ENABLE_OBJC_ARC = YES;
				CLANG_ENABLE_OBJC_WEAK = YES;
				CLANG_WARN_BLOCK_CAPTURE_AUTORELEASING = YES;
				CLANG_WARN_BOOL_CONVERSION = YES;
				CLANG_WARN_COMMA = YES;
				CLANG_WARN_CONSTANT_CONVERSION = YES;
				CLANG_WARN_DEPRECATED_OBJC_IMPLEMENTATIONS = YES;
				CLANG_WARN_DIRECT_OBJC_ISA_USAGE = YES_ERROR;
				CLANG_WARN_DOCUMENTATION_COMMENTS = YES;
				CLANG_WARN_EMPTY_BODY = YES;
				CLANG_WARN_ENUM_CONVERSION = YES;
				CLANG_WARN_INFINITE_RECURSION = YES;
				CLANG_WARN_INT_CONVERSION = YES;
				CLANG_WARN_NON_LITERAL_NULL_CONVERSION = YES;
				CLANG_WARN_OBJC_IMPLICIT_RETAIN_SELF = YES;
				CLANG_WARN_OBJC_LITERAL_CONVERSION = YES;
				CLANG_WARN_OBJC_ROOT_CLASS = YES_ERROR;
				CLANG_WARN_QUOTED_INCLUDE_IN_FRAMEWORK_HEADER = YES;
				CLANG_WARN_RANGE_LOOP_ANALYSIS = YES;
				CLANG_WARN_STRICT_PROTOTYPES = YES;
				CLANG_WARN_SUSPICIOUS_MOVE = YES;
				CLANG_WARN_UNGUARDED_AVAILABILITY = YES_AGGRESSIVE;
				CLANG_WARN_UNREACHABLE_CODE = YES;
				CLANG_WARN__DUPLICATE_METHOD_MATCH = YES;
				COPY_PHASE_STRIP = NO;
				DEBUG_INFORMATION_FORMAT = dwarf;
				ENABLE_STRICT_OBJC_MSGSEND = YES;
				ENABLE_TESTABILITY = YES;
				ENABLE_USER_SCRIPT_SANDBOXING = YES;
				GCC_C_LANGUAGE_STANDARD = gnu17;
				GCC_DYNAMIC_NO_PIC = NO;
				GCC_NO_COMMON_BLOCKS = YES;
				GCC_OPTIMIZATION_LEVEL = 0;
				GCC_PREPROCESSOR_DEFINITIONS = (
					"DEBUG=1",
					"$(inherited)",
				);
				GCC_WARN_64_TO_32_BIT_CONVERSION = YES;
				GCC_WARN_ABOUT_RETURN_TYPE = YES_ERROR;
				GCC_WARN_UNDECLARED_SELECTOR = YES;
				GCC_WARN_UNINITIALIZED_AUTOS = YES_AGGRESSIVE;
				GCC_WARN_UNUSED_FUNCTION = YES;
				GCC_WARN_UNUSED_VARIABLE = YES;
				LOCALIZATION_PREFERS_STRING_CATALOGS = YES;
				MTL_ENABLE_DEBUG_INFO = INCLUDE_SOURCE;
				MTL_FAST_MATH = YES;
				ONLY_ACTIVE_ARCH = YES;
				SWIFT_ACTIVE_COMPILATION_CONDITIONS = "DEBUG $(inherited)";
				SWIFT_OPTIMIZATION_LEVEL = "-Onone";
			};
			name = Debug;
		};
		CB6D7B302E2C272300AF362E /* Release */ = {
			isa = XCBuildConfiguration;
			buildSettings = {
				ALWAYS_SEARCH_USER_PATHS = NO;
				ASSETCATALOG_COMPILER_GENERATE_SWIFT_ASSET_SYMBOL_EXTENSIONS = YES;
				CLANG_ANALYZER_NONNULL = YES;
				CLANG_ANALYZER_NUMBER_OBJECT_CONVERSION = YES_AGGRESSIVE;
				CLANG_CXX_LANGUAGE_STANDARD = "gnu++20";
				CLANG_ENABLE_MODULES = YES;
				CLANG_ENABLE_OBJC_ARC = YES;
				CLANG_ENABLE_OBJC_WEAK = YES;
				CLANG_WARN_BLOCK_CAPTURE_AUTORELEASING = YES;
				CLANG_WARN_BOOL_CONVERSION = YES;
				CLANG_WARN_COMMA = YES;
				CLANG_WARN_CONSTANT_CONVERSION = YES;
				CLANG_WARN_DEPRECATED_OBJC_IMPLEMENTATIONS = YES;
				CLANG_WARN_DIRECT_OBJC_ISA_USAGE = YES_ERROR;
				CLANG_WARN_DOCUMENTATION_COMMENTS = YES;
				CLANG_WARN_EMPTY_BODY = YES;
				CLANG_WARN_ENUM_CONVERSION = YES;
				CLANG_WARN_INFINITE_RECURSION = YES;
				CLANG_WARN_INT_CONVERSION = YES;
				CLANG_WARN_NON_LITERAL_NULL_CONVERSION = YES;
				CLANG_WARN_OBJC_IMPLICIT_RETAIN_SELF = YES;
				CLANG_WARN_OBJC_LITERAL_CONVERSION = YES;
				CLANG_WARN_OBJC_ROOT_CLASS = YES_ERROR;
				CLANG_WARN_QUOTED_INCLUDE_IN_FRAMEWORK_HEADER = YES;
				CLANG_WARN_RANGE_LOOP_ANALYSIS = YES;
				CLANG_WARN_STRICT_PROTOTYPES = YES;
				CLANG_WARN_SUSPICIOUS_MOVE = YES;
				CLANG_WARN_UNGUARDED_AVAILABILITY = YES_AGGRESSIVE;
				CLANG_WARN_UNREACHABLE_CODE = YES;
				CLANG_WARN__DUPLICATE_METHOD_MATCH = YES;
				COPY_PHASE_STRIP = NO;
				DEBUG_INFORMATION_FORMAT = "dwarf-with-dsym";
				ENABLE_NS_ASSERTIONS = NO;
				ENABLE_STRICT_OBJC_MSGSEND = YES;
				ENABLE_USER_SCRIPT_SANDBOXING = YES;
				GCC_C_LANGUAGE_STANDARD = gnu17;
				GCC_NO_COMMON_BLOCKS = YES;
				GCC_WARN_64_TO_32_BIT_CONVERSION = YES;
				GCC_WARN_ABOUT_RETURN_TYPE = YES_ERROR;
				GCC_WARN_UNDECLARED_SELECTOR = YES;
				GCC_WARN_UNINITIALIZED_AUTOS = YES_AGGRESSIVE;
				GCC_WARN_UNUSED_FUNCTION = YES;
				GCC_WARN_UNUSED_VARIABLE = YES;
				LOCALIZATION_PREFERS_STRING_CATALOGS = YES;
				MTL_ENABLE_DEBUG_INFO = NO;
				MTL_FAST_MATH = YES;
				SWIFT_COMPILATION_MODE = wholemodule;
			};
			name = Release;
		};
		CB6D7B322E2C272300AF362E /* Debug */ = {
			isa = XCBuildConfiguration;
			buildSettings = {
				ASSETCATALOG_COMPILER_APPICON_NAME = AppIcon;
				ASSETCATALOG_COMPILER_GLOBAL_ACCENT_COLOR_NAME = AccentColor;
				CODE_SIGN_STYLE = Automatic;
				CURRENT_PROJECT_VERSION = 1;
				DEVELOPMENT_ASSET_PATHS = "\"liars-dice-app Watch App/Preview Content\"";
				DEVELOPMENT_TEAM = 4ZMCUYS3AQ;
				ENABLE_PREVIEWS = YES;
				GENERATE_INFOPLIST_FILE = YES;
				INFOPLIST_KEY_CFBundleDisplayName = "liars-dice-app";
				INFOPLIST_KEY_UISupportedInterfaceOrientations = "UIInterfaceOrientationPortrait UIInterfaceOrientationPortraitUpsideDown";
				INFOPLIST_KEY_WKWatchOnly = YES;
				LD_RUNPATH_SEARCH_PATHS = (
					"$(inherited)",
					"@executable_path/Frameworks",
				);
				MARKETING_VERSION = 1.0;
				PRODUCT_BUNDLE_IDENTIFIER = "com.neonwatty.liars-dice-app.watchkitapp";
				PRODUCT_NAME = "$(TARGET_NAME)";
				SDKROOT = watchos;
				SKIP_INSTALL = YES;
				SWIFT_EMIT_LOC_STRINGS = YES;
				SWIFT_VERSION = 5.0;
				TARGETED_DEVICE_FAMILY = 4;
				WATCHOS_DEPLOYMENT_TARGET = 11.1;
			};
			name = Debug;
		};
		CB6D7B332E2C272300AF362E /* Release */ = {
			isa = XCBuildConfiguration;
			buildSettings = {
				ASSETCATALOG_COMPILER_APPICON_NAME = AppIcon;
				ASSETCATALOG_COMPILER_GLOBAL_ACCENT_COLOR_NAME = AccentColor;
				CODE_SIGN_STYLE = Automatic;
				CURRENT_PROJECT_VERSION = 1;
				DEVELOPMENT_ASSET_PATHS = "\"liars-dice-app Watch App/Preview Content\"";
				DEVELOPMENT_TEAM = 4ZMCUYS3AQ;
				ENABLE_PREVIEWS = YES;
				GENERATE_INFOPLIST_FILE = YES;
				INFOPLIST_KEY_CFBundleDisplayName = "liars-dice-app";
				INFOPLIST_KEY_UISupportedInterfaceOrientations = "UIInterfaceOrientationPortrait UIInterfaceOrientationPortraitUpsideDown";
				INFOPLIST_KEY_WKWatchOnly = YES;
				LD_RUNPATH_SEARCH_PATHS = (
					"$(inherited)",
					"@executable_path/Frameworks",
				);
				MARKETING_VERSION = 1.0;
				PRODUCT_BUNDLE_IDENTIFIER = "com.neonwatty.liars-dice-app.watchkitapp";
				PRODUCT_NAME = "$(TARGET_NAME)";
				SDKROOT = watchos;
				SKIP_INSTALL = YES;
				SWIFT_EMIT_LOC_STRINGS = YES;
				SWIFT_VERSION = 5.0;
				TARGETED_DEVICE_FAMILY = 4;
				VALIDATE_PRODUCT = YES;
				WATCHOS_DEPLOYMENT_TARGET = 11.1;
			};
			name = Release;
		};
		CB6D7B362E2C272300AF362E /* Debug */ = {
			isa = XCBuildConfiguration;
			buildSettings = {
				CODE_SIGN_STYLE = Automatic;
				CURRENT_PROJECT_VERSION = 1;
				DEVELOPMENT_TEAM = 4ZMCUYS3AQ;
				INFOPLIST_KEY_CFBundleDisplayName = "liars-dice-app";
				MARKETING_VERSION = 1.0;
				PRODUCT_BUNDLE_IDENTIFIER = "com.neonwatty.liars-dice-app";
				PRODUCT_NAME = "$(TARGET_NAME)";
				SDKROOT = iphoneos;
				SWIFT_VERSION = 5.0;
			};
			name = Debug;
		};
		CB6D7B372E2C272300AF362E /* Release */ = {
			isa = XCBuildConfiguration;
			buildSettings = {
				CODE_SIGN_STYLE = Automatic;
				CURRENT_PROJECT_VERSION = 1;
				DEVELOPMENT_TEAM = 4ZMCUYS3AQ;
				INFOPLIST_KEY_CFBundleDisplayName = "liars-dice-app";
				MARKETING_VERSION = 1.0;
				PRODUCT_BUNDLE_IDENTIFIER = "com.neonwatty.liars-dice-app";
				PRODUCT_NAME = "$(TARGET_NAME)";
				SDKROOT = iphoneos;
				SWIFT_VERSION = 5.0;
				VALIDATE_PRODUCT = YES;
			};
			name = Release;
		};
		CB6D7B392E2C272300AF362E /* Debug */ = {
			isa = XCBuildConfiguration;
			buildSettings = {
				BUNDLE_LOADER = "$(TEST_HOST)";
				CODE_SIGN_STYLE = Automatic;
				CURRENT_PROJECT_VERSION = 1;
				GENERATE_INFOPLIST_FILE = YES;
				MARKETING_VERSION = 1.0;
				PRODUCT_BUNDLE_IDENTIFIER = "com.neonwatty.liars-dice-app-Watch-AppTests";
				PRODUCT_NAME = "$(TARGET_NAME)";
				SDKROOT = watchos;
				SWIFT_EMIT_LOC_STRINGS = NO;
				SWIFT_VERSION = 5.0;
				TARGETED_DEVICE_FAMILY = 4;
				TEST_HOST = "$(BUILT_PRODUCTS_DIR)/liars-dice-app Watch App.app/$(BUNDLE_EXECUTABLE_FOLDER_PATH)/liars-dice-app Watch App";
				WATCHOS_DEPLOYMENT_TARGET = 11.1;
			};
			name = Debug;
		};
		CB6D7B3A2E2C272300AF362E /* Release */ = {
			isa = XCBuildConfiguration;
			buildSettings = {
				BUNDLE_LOADER = "$(TEST_HOST)";
				CODE_SIGN_STYLE = Automatic;
				CURRENT_PROJECT_VERSION = 1;
				GENERATE_INFOPLIST_FILE = YES;
				MARKETING_VERSION = 1.0;
				PRODUCT_BUNDLE_IDENTIFIER = "com.neonwatty.liars-dice-app-Watch-AppTests";
				PRODUCT_NAME = "$(TARGET_NAME)";
				SDKROOT = watchos;
				SWIFT_EMIT_LOC_STRINGS = NO;
				SWIFT_VERSION = 5.0;
				TARGETED_DEVICE_FAMILY = 4;
				TEST_HOST = "$(BUILT_PRODUCTS_DIR)/liars-dice-app Watch App.app/$(BUNDLE_EXECUTABLE_FOLDER_PATH)/liars-dice-app Watch App";
				VALIDATE_PRODUCT = YES;
				WATCHOS_DEPLOYMENT_TARGET = 11.1;
			};
			name = Release;
		};
		CB6D7B3C2E2C272300AF362E /* Debug */ = {
			isa = XCBuildConfiguration;
			buildSettings = {
				CODE_SIGN_STYLE = Automatic;
				CURRENT_PROJECT_VERSION = 1;
				GENERATE_INFOPLIST_FILE = YES;
				MARKETING_VERSION = 1.0;
				PRODUCT_BUNDLE_IDENTIFIER = "com.neonwatty.liars-dice-app-Watch-AppUITests";
				PRODUCT_NAME = "$(TARGET_NAME)";
				SDKROOT = watchos;
				SWIFT_EMIT_LOC_STRINGS = NO;
				SWIFT_VERSION = 5.0;
				TARGETED_DEVICE_FAMILY = 4;
				TEST_TARGET_NAME = "liars-dice-app Watch App";
				WATCHOS_DEPLOYMENT_TARGET = 11.1;
			};
			name = Debug;
		};
		CB6D7B3D2E2C272300AF362E /* Release */ = {
			isa = XCBuildConfiguration;
			buildSettings = {
				CODE_SIGN_STYLE = Automatic;
				CURRENT_PROJECT_VERSION = 1;
				GENERATE_INFOPLIST_FILE = YES;
				MARKETING_VERSION = 1.0;
				PRODUCT_BUNDLE_IDENTIFIER = "com.neonwatty.liars-dice-app-Watch-AppUITests";
				PRODUCT_NAME = "$(TARGET_NAME)";
				SDKROOT = watchos;
				SWIFT_EMIT_LOC_STRINGS = NO;
				SWIFT_VERSION = 5.0;
				TARGETED_DEVICE_FAMILY = 4;
				TEST_TARGET_NAME = "liars-dice-app Watch App";
				VALIDATE_PRODUCT = YES;
				WATCHOS_DEPLOYMENT_TARGET = 11.1;
			};
			name = Release;
		};
/* End XCBuildConfiguration section */

/* Begin XCConfigurationList section */
		CB6D7B022E2C272100AF362E /* Build configuration list for PBXProject "liars-dice-app" */ = {
			isa = XCConfigurationList;
			buildConfigurations = (
				CB6D7B2F2E2C272300AF362E /* Debug */,
				CB6D7B302E2C272300AF362E /* Release */,
			);
			defaultConfigurationIsVisible = 0;
			defaultConfigurationName = Release;
		};
		CB6D7B312E2C272300AF362E /* Build configuration list for PBXNativeTarget "liars-dice-app Watch App" */ = {
			isa = XCConfigurationList;
			buildConfigurations = (
				CB6D7B322E2C272300AF362E /* Debug */,
				CB6D7B332E2C272300AF362E /* Release */,
			);
			defaultConfigurationIsVisible = 0;
			defaultConfigurationName = Release;
		};
		CB6D7B352E2C272300AF362E /* Build configuration list for PBXNativeTarget "liars-dice-app" */ = {
			isa = XCConfigurationList;
			buildConfigurations = (
				CB6D7B362E2C272300AF362E /* Debug */,
				CB6D7B372E2C272300AF362E /* Release */,
			);
			defaultConfigurationIsVisible = 0;
			defaultConfigurationName = Release;
		};
		CB6D7B382E2C272300AF362E /* Build configuration list for PBXNativeTarget "liars-dice-app Watch AppTests" */ = {
			isa = XCConfigurationList;
			buildConfigurations = (
				CB6D7B392E2C272300AF362E /* Debug */,
				CB6D7B3A2E2C272300AF362E /* Release */,
			);
			defaultConfigurationIsVisible = 0;
			defaultConfigurationName = Release;
		};
		CB6D7B3B2E2C272300AF362E /* Build configuration list for PBXNativeTarget "liars-dice-app Watch AppUITests" */ = {
			isa = XCConfigurationList;
			buildConfigurations = (
				CB6D7B3C2E2C272300AF362E /* Debug */,
				CB6D7B3D2E2C272300AF362E /* Release */,
			);
			defaultConfigurationIsVisible = 0;
			defaultConfigurationName = Release;
		};
/* End XCConfigurationList section */
	};
	rootObject = CB6D7AFF2E2C272100AF362E /* Project object */;
}
